{
  "name": "lark-mcp-server",
  "version": "1.0.0",
  "lockfileVersion": 3,
  "requires": true,
  "packages": {
    "": {
      "name": "lark-mcp-server",
      "version": "1.0.0",
      "dependencies": {
        "express": "^4.19.2",
        "execa": "^8.0.1"
      }
    },
    "node_modules/express": {
      "version": "4.19.2",
      "resolved": "https://registry.npmjs.org/express/-/express-4.19.2.tgz",
      "integrity": "sha512-DDlUsvQgj/d3HNLfJYNdVlfFwb3GkW+uURA9B1bbAJXdHu7douhfPqSe8FWIW313xLlnhGjwaPetou4r4uw==",
      "dependencies": {}
    },
    "node_modules/execa": {
      "version": "8.0.1",
      "resolved": "https://registry.npmjs.org/execa/-/execa-8.0.1.tgz",
      "integrity": "sha512-pPmMcfgNwiHq8dcxL75e6aOJovJVRNOBzgCzLctnTBNHlfrzwNYTYFDZqISGUzaS6JIcclaZNX9Low==",
      "dependencies": {}
    }
  },
  "dependencies": {
    "express": {
      "version": "4.19.2",
      "resolved": "https://registry.npmjs.org/express/-/express-4.19.2.tgz",
      "integrity": "sha512-DDlUsvQgj/d3HNLfJYndVlfFwb3GkW+uURA9B1bbAJXdHu7douhfPqSe8FWIW313xLlnhGjwaPetou4r4uw=="
    },
    "execa": {
      "version": "8.0.1",
      "resolved": "https://registry.npmjs.org/execa/-/execa-8.0.1.tgz",
      "integrity": "sha512-pPmMbgNwiHq8dcxL75e6aOJovJVRNOBzgCzLctnTBNHlfrzwNYTYFDZqISGUzaS6JIdclaZNX9Low=="
    }
  }
}
